
Microsoft Visual Studio Solution File, Format Version 12.00
# Visual Studio Version 16
VisualStudioVersion = 16.0.30204.135
MinimumVisualStudioVersion = 10.0.40219.1
Project("{FAE04EC0-301F-11D3-BF4B-00C04F79EFBC}") = "Statistika", "Statistika\Statistika.csproj", "{FCEF8036-9100-4F48-A6CB-C3C6299B6818}"
EndProject
Global
	GlobalSection(SolutionConfigurationPlatforms) = preSolution
		Debug|Any CPU = Debug|Any CPU
		Release|Any CPU = Release|Any CPU
	EndGlobalSection
	GlobalSection(ProjectConfigurationPlatforms) = postSolution
		{FCEF8036-9100-4F48-A6CB-C3C6299B6818}.Debug|Any CPU.ActiveCfg = Debug|Any CPU
		{FCEF8036-9100-4F48-A6CB-C3C6299B6818}.Debug|Any CPU.Build.0 = Debug|Any CPU
		{FCEF8036-9100-4F48-A6CB-C3C6299B6818}.Release|Any CPU.ActiveCfg = Release|Any CPU
		{FCEF8036-9100-4F48-A6CB-C3C6299B6818}.Release|Any CPU.Build.0 = Release|Any CPU
	EndGlobalSection
	GlobalSection(SolutionProperties) = preSolution
		HideSolutionNode = FALSE
	EndGlobalSection
	GlobalSection(ExtensibilityGlobals) = postSolution
		SolutionGuid = {64A76636-6224-401E-8E4F-FC36D592F0D3}
	EndGlobalSection
EndGlobal
